PODS:
  - Nimble (8.0.2)
  - Quick (2.1.0)
  - SwiftValidators (9.0.2)

DEPENDENCIES:
  - Nimble (~> 8.0.2)
  - Quick (~> 2.1.0)
  - SwiftValidators (from `../`)

SPEC REPOS:
  trunk:
    - Nimble
    - Quick

EXTERNAL SOURCES:
  SwiftValidators:
    :path: "../"

SPEC CHECKSUMS:
  Nimble: 622629381bda1dd5678162f21f1368cec7cbba60
  Quick: 4be43f6634acfa727dd106bdf3929ce125ffa79d
  SwiftValidators: 9be131cdfadb9a29d31e637c947c7306877bf1d4

PODFILE CHECKSUM: d32883e0c1af10595ee638e1bae5c839e5e1122d

COCOAPODS: 1.10.0
