// !$*UTF8*$!
{
	archiveVersion = 1;
	classes = {
	};
	objectVersion = 46;
	objects = {

/* Begin PBXBuildFile section */
		131584CB1B5FFCB60077E959 /* SwiftValidators.h in Headers */ = {isa = PBXBuildFile; fileRef = 131584CA1B5FFCB60077E959 /* SwiftValidators.h */; settings = {ATTRIBUTES = (Public, ); }; };
		131584D11B5FFCB60077E959 /* SwiftValidators.framework in Frameworks */ = {isa = PBXBuildFile; fileRef = 131584C51B5FFCB60077E959 /* SwiftValidators.framework */; };
		131584E21B5FFD7F0077E959 /* Validators.swift in Sources */ = {isa = PBXBuildFile; fileRef = 131584E11B5FFD7F0077E959 /* Validators.swift */; };
		134270A01D5239E000F7DA76 /* StringConvertible.swift in Sources */ = {isa = PBXBuildFile; fileRef = 1342709F1D5239E000F7DA76 /* StringConvertible.swift */; };
		134270A21D523CFD00F7DA76 /* String+StringConvertible.swift in Sources */ = {isa = PBXBuildFile; fileRef = 134270A11D523CFD00F7DA76 /* String+StringConvertible.swift */; };
		134270A41D523D2E00F7DA76 /* NSString+StringConvertible.swift in Sources */ = {isa = PBXBuildFile; fileRef = 134270A31D523D2E00F7DA76 /* NSString+StringConvertible.swift */; };
		134270A61D52422200F7DA76 /* Bool+StringConvertible.swift in Sources */ = {isa = PBXBuildFile; fileRef = 134270A51D52422200F7DA76 /* Bool+StringConvertible.swift */; };
		134270A81D5242AA00F7DA76 /* Float+StringConvertible.swift in Sources */ = {isa = PBXBuildFile; fileRef = 134270A71D5242AA00F7DA76 /* Float+StringConvertible.swift */; };
		134270AB1D527D7C00F7DA76 /* String.swift in Sources */ = {isa = PBXBuildFile; fileRef = 134270AA1D527D7C00F7DA76 /* String.swift */; };
		134270AD1D527DA900F7DA76 /* Double+StringConvertible.swift in Sources */ = {isa = PBXBuildFile; fileRef = 134270AC1D527DA900F7DA76 /* Double+StringConvertible.swift */; };
		134270AF1D52831E00F7DA76 /* Int+StringConvertible.swift in Sources */ = {isa = PBXBuildFile; fileRef = 134270AE1D52831E00F7DA76 /* Int+StringConvertible.swift */; };
		134270B11D53277F00F7DA76 /* ValidatorSpec.swift in Sources */ = {isa = PBXBuildFile; fileRef = 134270B01D53277F00F7DA76 /* ValidatorSpec.swift */; };
		134270B41D5355A600F7DA76 /* ISBN.swift in Sources */ = {isa = PBXBuildFile; fileRef = 134270B31D5355A600F7DA76 /* ISBN.swift */; };
		134270B61D535F2A00F7DA76 /* Phone.swift in Sources */ = {isa = PBXBuildFile; fileRef = 134270B51D535F2A00F7DA76 /* Phone.swift */; };
		13459D7E1D001A1A00CEEA12 /* ValueProvider.swift in Sources */ = {isa = PBXBuildFile; fileRef = 13459D7D1D001A1A00CEEA12 /* ValueProvider.swift */; };
		13E80BC81B6BB64D001DFEA4 /* SwiftValidators.podspec in Resources */ = {isa = PBXBuildFile; fileRef = 13E80BC71B6BB64D001DFEA4 /* SwiftValidators.podspec */; };
		13E80BCA1B6BB694001DFEA4 /* LICENSE in Resources */ = {isa = PBXBuildFile; fileRef = 13E80BC91B6BB694001DFEA4 /* LICENSE */; };
		13F2903D1CEDA9A50081F851 /* CHANGELOG.md in Resources */ = {isa = PBXBuildFile; fileRef = 13F2903B1CEDA1080081F851 /* CHANGELOG.md */; };
		98230A4E09FD608BE32EC534 /* Pods_SwiftValidators.framework in Frameworks */ = {isa = PBXBuildFile; fileRef = 229CDA69E8830ADE09A57BCD /* Pods_SwiftValidators.framework */; };
		B166F1EC1D86B32D0015E611 /* PostalCode.swift in Sources */ = {isa = PBXBuildFile; fileRef = B166F1EB1D86B32D0015E611 /* PostalCode.swift */; };
		D73D6CBEA6F4C4B64AE3C787 /* README.md in Resources */ = {isa = PBXBuildFile; fileRef = D73D62E7F646ACCD88ABA593 /* README.md */; };
		FFA01A3BC9BFC00F54CFCD27 /* Pods_SwiftValidatorsTests.framework in Frameworks */ = {isa = PBXBuildFile; fileRef = D590C794FFC3FF9BF8D6D1C9 /* Pods_SwiftValidatorsTests.framework */; };
/* End PBXBuildFile section */

/* Begin PBXContainerItemProxy section */
		13CAAF4B1D9163A8004D6AB5 /* PBXContainerItemProxy */ = {
			isa = PBXContainerItemProxy;
			containerPortal = 131584BC1B5FFCB60077E959 /* Project object */;
			proxyType = 1;
			remoteGlobalIDString = 131584C41B5FFCB60077E959;
			remoteInfo = SwiftValidators;
		};
/* End PBXContainerItemProxy section */

/* Begin PBXFileReference section */
		0BFE7D2607D4A55DC302BE68 /* Pods-SwiftValidatorsTests.debug.xcconfig */ = {isa = PBXFileReference; includeInIndex = 1; lastKnownFileType = text.xcconfig; name = "Pods-SwiftValidatorsTests.debug.xcconfig"; path = "Pods/Target Support Files/Pods-SwiftValidatorsTests/Pods-SwiftValidatorsTests.debug.xcconfig"; sourceTree = "<group>"; };
		131584C51B5FFCB60077E959 /* SwiftValidators.framework */ = {isa = PBXFileReference; explicitFileType = wrapper.framework; includeInIndex = 0; path = SwiftValidators.framework; sourceTree = BUILT_PRODUCTS_DIR; };
		131584C91B5FFCB60077E959 /* Info.plist */ = {isa = PBXFileReference; lastKnownFileType = text.plist.xml; name = Info.plist; path = ../Info.plist; sourceTree = "<group>"; };
		131584CA1B5FFCB60077E959 /* SwiftValidators.h */ = {isa = PBXFileReference; lastKnownFileType = sourcecode.c.h; path = SwiftValidators.h; sourceTree = "<group>"; };
		131584D01B5FFCB60077E959 /* SwiftValidatorsTests.xctest */ = {isa = PBXFileReference; explicitFileType = wrapper.cfbundle; includeInIndex = 0; path = SwiftValidatorsTests.xctest; sourceTree = BUILT_PRODUCTS_DIR; };
		131584D61B5FFCB60077E959 /* Info.plist */ = {isa = PBXFileReference; lastKnownFileType = text.plist.xml; path = Info.plist; sourceTree = "<group>"; };
		131584E11B5FFD7F0077E959 /* Validators.swift */ = {isa = PBXFileReference; fileEncoding = 4; lastKnownFileType = sourcecode.swift; path = Validators.swift; sourceTree = "<group>"; };
		1342709F1D5239E000F7DA76 /* StringConvertible.swift */ = {isa = PBXFileReference; fileEncoding = 4; lastKnownFileType = sourcecode.swift; path = StringConvertible.swift; sourceTree = "<group>"; };
		134270A11D523CFD00F7DA76 /* String+StringConvertible.swift */ = {isa = PBXFileReference; fileEncoding = 4; lastKnownFileType = sourcecode.swift; path = "String+StringConvertible.swift"; sourceTree = "<group>"; };
		134270A31D523D2E00F7DA76 /* NSString+StringConvertible.swift */ = {isa = PBXFileReference; fileEncoding = 4; lastKnownFileType = sourcecode.swift; path = "NSString+StringConvertible.swift"; sourceTree = "<group>"; };
		134270A51D52422200F7DA76 /* Bool+StringConvertible.swift */ = {isa = PBXFileReference; fileEncoding = 4; lastKnownFileType = sourcecode.swift; path = "Bool+StringConvertible.swift"; sourceTree = "<group>"; };
		134270A71D5242AA00F7DA76 /* Float+StringConvertible.swift */ = {isa = PBXFileReference; fileEncoding = 4; lastKnownFileType = sourcecode.swift; path = "Float+StringConvertible.swift"; sourceTree = "<group>"; };
		134270AA1D527D7C00F7DA76 /* String.swift */ = {isa = PBXFileReference; fileEncoding = 4; lastKnownFileType = sourcecode.swift; path = String.swift; sourceTree = "<group>"; };
		134270AC1D527DA900F7DA76 /* Double+StringConvertible.swift */ = {isa = PBXFileReference; fileEncoding = 4; lastKnownFileType = sourcecode.swift; path = "Double+StringConvertible.swift"; sourceTree = "<group>"; };
		134270AE1D52831E00F7DA76 /* Int+StringConvertible.swift */ = {isa = PBXFileReference; fileEncoding = 4; lastKnownFileType = sourcecode.swift; path = "Int+StringConvertible.swift"; sourceTree = "<group>"; };
		134270B01D53277F00F7DA76 /* ValidatorSpec.swift */ = {isa = PBXFileReference; fileEncoding = 4; lastKnownFileType = sourcecode.swift; path = ValidatorSpec.swift; sourceTree = "<group>"; };
		134270B31D5355A600F7DA76 /* ISBN.swift */ = {isa = PBXFileReference; fileEncoding = 4; lastKnownFileType = sourcecode.swift; path = ISBN.swift; sourceTree = "<group>"; };
		134270B51D535F2A00F7DA76 /* Phone.swift */ = {isa = PBXFileReference; fileEncoding = 4; lastKnownFileType = sourcecode.swift; path = Phone.swift; sourceTree = "<group>"; };
		13459D7D1D001A1A00CEEA12 /* ValueProvider.swift */ = {isa = PBXFileReference; fileEncoding = 4; lastKnownFileType = sourcecode.swift; path = ValueProvider.swift; sourceTree = "<group>"; };
		13CAAF4D1D916553004D6AB5 /* Package.swift */ = {isa = PBXFileReference; fileEncoding = 4; lastKnownFileType = sourcecode.swift; path = Package.swift; sourceTree = "<group>"; };
		13E80BC71B6BB64D001DFEA4 /* SwiftValidators.podspec */ = {isa = PBXFileReference; fileEncoding = 4; lastKnownFileType = text; path = SwiftValidators.podspec; sourceTree = "<group>"; };
		13E80BC91B6BB694001DFEA4 /* LICENSE */ = {isa = PBXFileReference; fileEncoding = 4; lastKnownFileType = text; path = LICENSE; sourceTree = "<group>"; };
		13F2903B1CEDA1080081F851 /* CHANGELOG.md */ = {isa = PBXFileReference; fileEncoding = 4; lastKnownFileType = net.daringfireball.markdown; path = CHANGELOG.md; sourceTree = "<group>"; };
		229CDA69E8830ADE09A57BCD /* Pods_SwiftValidators.framework */ = {isa = PBXFileReference; explicitFileType = wrapper.framework; includeInIndex = 0; path = Pods_SwiftValidators.framework; sourceTree = BUILT_PRODUCTS_DIR; };
		257FF300FFADC4E0F66BFA20 /* Pods_SwiftValidators_SwiftValidatorsTests.framework */ = {isa = PBXFileReference; explicitFileType = wrapper.framework; includeInIndex = 0; path = Pods_SwiftValidators_SwiftValidatorsTests.framework; sourceTree = BUILT_PRODUCTS_DIR; };
		32F9F3E440D584332B673B49 /* Pods-SwiftValidators.release.xcconfig */ = {isa = PBXFileReference; includeInIndex = 1; lastKnownFileType = text.xcconfig; name = "Pods-SwiftValidators.release.xcconfig"; path = "Pods/Target Support Files/Pods-SwiftValidators/Pods-SwiftValidators.release.xcconfig"; sourceTree = "<group>"; };
		5F12C8F44A0B081C221B029B /* Pods-SwiftValidatorsTests.release.xcconfig */ = {isa = PBXFileReference; includeInIndex = 1; lastKnownFileType = text.xcconfig; name = "Pods-SwiftValidatorsTests.release.xcconfig"; path = "Pods/Target Support Files/Pods-SwiftValidatorsTests/Pods-SwiftValidatorsTests.release.xcconfig"; sourceTree = "<group>"; };
		8A1DCAAFA5A9A242CEBE6E77 /* Pods-SwiftValidators.debug.xcconfig */ = {isa = PBXFileReference; includeInIndex = 1; lastKnownFileType = text.xcconfig; name = "Pods-SwiftValidators.debug.xcconfig"; path = "Pods/Target Support Files/Pods-SwiftValidators/Pods-SwiftValidators.debug.xcconfig"; sourceTree = "<group>"; };
		B166F1EB1D86B32D0015E611 /* PostalCode.swift */ = {isa = PBXFileReference; fileEncoding = 4; lastKnownFileType = sourcecode.swift; path = PostalCode.swift; sourceTree = "<group>"; };
		D590C794FFC3FF9BF8D6D1C9 /* Pods_SwiftValidatorsTests.framework */ = {isa = PBXFileReference; explicitFileType = wrapper.framework; includeInIndex = 0; path = Pods_SwiftValidatorsTests.framework; sourceTree = BUILT_PRODUCTS_DIR; };
		D73D62E7F646ACCD88ABA593 /* README.md */ = {isa = PBXFileReference; lastKnownFileType = file.md; path = README.md; sourceTree = "<group>"; };
		D73D6B6685CBA1FC3B4D6E99 /* Podfile */ = {isa = PBXFileReference; fileEncoding = 4; lastKnownFileType = text; path = Podfile; sourceTree = "<group>"; xcLanguageSpecificationIdentifier = xcode.lang.ruby; };
/* End PBXFileReference section */

/* Begin PBXFrameworksBuildPhase section */
		131584C11B5FFCB60077E959 /* Frameworks */ = {
			isa = PBXFrameworksBuildPhase;
			buildActionMask = 2147483647;
			files = (
				98230A4E09FD608BE32EC534 /* Pods_SwiftValidators.framework in Frameworks */,
			);
			runOnlyForDeploymentPostprocessing = 0;
		};
		131584CD1B5FFCB60077E959 /* Frameworks */ = {
			isa = PBXFrameworksBuildPhase;
			buildActionMask = 2147483647;
			files = (
				131584D11B5FFCB60077E959 /* SwiftValidators.framework in Frameworks */,
				FFA01A3BC9BFC00F54CFCD27 /* Pods_SwiftValidatorsTests.framework in Frameworks */,
			);
			runOnlyForDeploymentPostprocessing = 0;
		};
/* End PBXFrameworksBuildPhase section */

/* Begin PBXGroup section */
		131584BB1B5FFCB60077E959 = {
			isa = PBXGroup;
			children = (
				13CAAF4D1D916553004D6AB5 /* Package.swift */,
				13F2903B1CEDA1080081F851 /* CHANGELOG.md */,
				13E80BC71B6BB64D001DFEA4 /* SwiftValidators.podspec */,
				D73D62E7F646ACCD88ABA593 /* README.md */,
				13E80BC91B6BB694001DFEA4 /* LICENSE */,
				131584C71B5FFCB60077E959 /* Sources */,
				131584D41B5FFCB60077E959 /* SwiftValidatorsTests */,
				131584C61B5FFCB60077E959 /* Products */,
				8249FC70A763218BCB3EB1A2 /* Pods */,
				49096A3BD1EDD96B5A32E5A9 /* Frameworks */,
				D73D6B6685CBA1FC3B4D6E99 /* Podfile */,
			);
			sourceTree = "<group>";
		};
		131584C61B5FFCB60077E959 /* Products */ = {
			isa = PBXGroup;
			children = (
				131584C51B5FFCB60077E959 /* SwiftValidators.framework */,
				131584D01B5FFCB60077E959 /* SwiftValidatorsTests.xctest */,
			);
			name = Products;
			sourceTree = "<group>";
		};
		131584C71B5FFCB60077E959 /* Sources */ = {
			isa = PBXGroup;
			children = (
				13CAAF4F1D916818004D6AB5 /* Extensions */,
				131584E11B5FFD7F0077E959 /* Validators.swift */,
				13459D7D1D001A1A00CEEA12 /* ValueProvider.swift */,
				1342709F1D5239E000F7DA76 /* StringConvertible.swift */,
				131584CA1B5FFCB60077E959 /* SwiftValidators.h */,
				13CAAF501D916855004D6AB5 /* Misc */,
				131584C81B5FFCB60077E959 /* Supporting Files */,
			);
			path = Sources;
			sourceTree = "<group>";
		};
		131584C81B5FFCB60077E959 /* Supporting Files */ = {
			isa = PBXGroup;
			children = (
				131584C91B5FFCB60077E959 /* Info.plist */,
			);
			name = "Supporting Files";
			path = Sources;
			sourceTree = "<group>";
		};
		131584D41B5FFCB60077E959 /* SwiftValidatorsTests */ = {
			isa = PBXGroup;
			children = (
				131584D51B5FFCB60077E959 /* Supporting Files */,
				134270B01D53277F00F7DA76 /* ValidatorSpec.swift */,
			);
			path = SwiftValidatorsTests;
			sourceTree = "<group>";
		};
		131584D51B5FFCB60077E959 /* Supporting Files */ = {
			isa = PBXGroup;
			children = (
				131584D61B5FFCB60077E959 /* Info.plist */,
			);
			name = "Supporting Files";
			sourceTree = "<group>";
		};
		13CAAF4F1D916818004D6AB5 /* Extensions */ = {
			isa = PBXGroup;
			children = (
				134270AA1D527D7C00F7DA76 /* String.swift */,
				134270A51D52422200F7DA76 /* Bool+StringConvertible.swift */,
				134270AC1D527DA900F7DA76 /* Double+StringConvertible.swift */,
				134270A71D5242AA00F7DA76 /* Float+StringConvertible.swift */,
				134270AE1D52831E00F7DA76 /* Int+StringConvertible.swift */,
				134270A31D523D2E00F7DA76 /* NSString+StringConvertible.swift */,
				134270A11D523CFD00F7DA76 /* String+StringConvertible.swift */,
			);
			name = Extensions;
			sourceTree = "<group>";
		};
		13CAAF501D916855004D6AB5 /* Misc */ = {
			isa = PBXGroup;
			children = (
				134270B31D5355A600F7DA76 /* ISBN.swift */,
				134270B51D535F2A00F7DA76 /* Phone.swift */,
				B166F1EB1D86B32D0015E611 /* PostalCode.swift */,
			);
			name = Misc;
			sourceTree = "<group>";
		};
		49096A3BD1EDD96B5A32E5A9 /* Frameworks */ = {
			isa = PBXGroup;
			children = (
				D590C794FFC3FF9BF8D6D1C9 /* Pods_SwiftValidatorsTests.framework */,
				229CDA69E8830ADE09A57BCD /* Pods_SwiftValidators.framework */,
				257FF300FFADC4E0F66BFA20 /* Pods_SwiftValidators_SwiftValidatorsTests.framework */,
			);
			name = Frameworks;
			sourceTree = "<group>";
		};
		8249FC70A763218BCB3EB1A2 /* Pods */ = {
			isa = PBXGroup;
			children = (
				0BFE7D2607D4A55DC302BE68 /* Pods-SwiftValidatorsTests.debug.xcconfig */,
				5F12C8F44A0B081C221B029B /* Pods-SwiftValidatorsTests.release.xcconfig */,
				8A1DCAAFA5A9A242CEBE6E77 /* Pods-SwiftValidators.debug.xcconfig */,
				32F9F3E440D584332B673B49 /* Pods-SwiftValidators.release.xcconfig */,
			);
			name = Pods;
			sourceTree = "<group>";
		};
/* End PBXGroup section */

/* Begin PBXHeadersBuildPhase section */
		131584C21B5FFCB60077E959 /* Headers */ = {
			isa = PBXHeadersBuildPhase;
			buildActionMask = 2147483647;
			files = (
				131584CB1B5FFCB60077E959 /* SwiftValidators.h in Headers */,
			);
			runOnlyForDeploymentPostprocessing = 0;
		};
/* End PBXHeadersBuildPhase section */

/* Begin PBXNativeTarget section */
		131584C41B5FFCB60077E959 /* SwiftValidators */ = {
			isa = PBXNativeTarget;
			buildConfigurationList = 131584DB1B5FFCB60077E959 /* Build configuration list for PBXNativeTarget "SwiftValidators" */;
			buildPhases = (
				E7209C4E5D1AD8318FCEA14E /* [CP] Check Pods Manifest.lock */,
				131584C01B5FFCB60077E959 /* Sources */,
				131584C11B5FFCB60077E959 /* Frameworks */,
				131584C21B5FFCB60077E959 /* Headers */,
				131584C31B5FFCB60077E959 /* Resources */,
				984F5F7E3C49C54E15A5FBD5 /* [CP] Copy Pods Resources */,
			);
			buildRules = (
			);
			dependencies = (
			);
			name = SwiftValidators;
			productName = SwiftValidators;
			productReference = 131584C51B5FFCB60077E959 /* SwiftValidators.framework */;
			productType = "com.apple.product-type.framework";
		};
		131584CF1B5FFCB60077E959 /* SwiftValidatorsTests */ = {
			isa = PBXNativeTarget;
			buildConfigurationList = 131584DE1B5FFCB60077E959 /* Build configuration list for PBXNativeTarget "SwiftValidatorsTests" */;
			buildPhases = (
				6E979B185C875347178338B9 /* [CP] Check Pods Manifest.lock */,
				131584CC1B5FFCB60077E959 /* Sources */,
				131584CD1B5FFCB60077E959 /* Frameworks */,
				131584CE1B5FFCB60077E959 /* Resources */,
				345AEE60AB0C03E8FEDB57FD /* [CP] Embed Pods Frameworks */,
				19D15626DF0D4306026ACF05 /* [CP] Copy Pods Resources */,
			);
			buildRules = (
			);
			dependencies = (
				13CAAF4C1D9163A8004D6AB5 /* PBXTargetDependency */,
			);
			name = SwiftValidatorsTests;
			productName = SwiftValidatorsTests;
			productReference = 131584D01B5FFCB60077E959 /* SwiftValidatorsTests.xctest */;
			productType = "com.apple.product-type.bundle.unit-test";
		};
/* End PBXNativeTarget section */

/* Begin PBXProject section */
		131584BC1B5FFCB60077E959 /* Project object */ = {
			isa = PBXProject;
			attributes = {
				LastSwiftUpdateCheck = 0700;
				LastUpgradeCheck = 0800;
				ORGANIZATIONNAME = "Γιώργος Καϊμακάς";
				TargetAttributes = {
					131584C41B5FFCB60077E959 = {
						CreatedOnToolsVersion = 6.4;
						DevelopmentTeam = 96LJ93WQBU;
						LastSwiftMigration = 0800;
						ProvisioningStyle = Automatic;
					};
					131584CF1B5FFCB60077E959 = {
						CreatedOnToolsVersion = 6.4;
						DevelopmentTeam = 96LJ93WQBU;
						LastSwiftMigration = 0800;
					};
				};
			};
			buildConfigurationList = 131584BF1B5FFCB60077E959 /* Build configuration list for PBXProject "SwiftValidators" */;
			compatibilityVersion = "Xcode 3.2";
			developmentRegion = English;
			hasScannedForEncodings = 0;
			knownRegions = (
				en,
			);
			mainGroup = 131584BB1B5FFCB60077E959;
			productRefGroup = 131584C61B5FFCB60077E959 /* Products */;
			projectDirPath = "";
			projectRoot = "";
			targets = (
				131584C41B5FFCB60077E959 /* SwiftValidators */,
				131584CF1B5FFCB60077E959 /* SwiftValidatorsTests */,
			);
		};
/* End PBXProject section */

/* Begin PBXResourcesBuildPhase section */
		131584C31B5FFCB60077E959 /* Resources */ = {
			isa = PBXResourcesBuildPhase;
			buildActionMask = 2147483647;
			files = (
				13F2903D1CEDA9A50081F851 /* CHANGELOG.md in Resources */,
				13E80BCA1B6BB694001DFEA4 /* LICENSE in Resources */,
				D73D6CBEA6F4C4B64AE3C787 /* README.md in Resources */,
				13E80BC81B6BB64D001DFEA4 /* SwiftValidators.podspec in Resources */,
			);
			runOnlyForDeploymentPostprocessing = 0;
		};
		131584CE1B5FFCB60077E959 /* Resources */ = {
			isa = PBXResourcesBuildPhase;
			buildActionMask = 2147483647;
			files = (
			);
			runOnlyForDeploymentPostprocessing = 0;
		};
/* End PBXResourcesBuildPhase section */

/* Begin PBXShellScriptBuildPhase section */
		19D15626DF0D4306026ACF05 /* [CP] Copy Pods Resources */ = {
			isa = PBXShellScriptBuildPhase;
			buildActionMask = 2147483647;
			files = (
			);
			inputPaths = (
			);
			name = "[CP] Copy Pods Resources";
			outputPaths = (
			);
			runOnlyForDeploymentPostprocessing = 0;
			shellPath = /bin/sh;
			shellScript = "\"${SRCROOT}/Pods/Target Support Files/Pods-SwiftValidatorsTests/Pods-SwiftValidatorsTests-resources.sh\"\n";
			showEnvVarsInLog = 0;
		};
		345AEE60AB0C03E8FEDB57FD /* [CP] Embed Pods Frameworks */ = {
			isa = PBXShellScriptBuildPhase;
			buildActionMask = 2147483647;
			files = (
			);
			inputPaths = (
			);
			name = "[CP] Embed Pods Frameworks";
			outputPaths = (
			);
			runOnlyForDeploymentPostprocessing = 0;
			shellPath = /bin/sh;
			shellScript = "\"${SRCROOT}/Pods/Target Support Files/Pods-SwiftValidatorsTests/Pods-SwiftValidatorsTests-frameworks.sh\"\n";
			showEnvVarsInLog = 0;
		};
		6E979B185C875347178338B9 /* [CP] Check Pods Manifest.lock */ = {
			isa = PBXShellScriptBuildPhase;
			buildActionMask = 2147483647;
			files = (
			);
			inputPaths = (
			);
			name = "[CP] Check Pods Manifest.lock";
			outputPaths = (
			);
			runOnlyForDeploymentPostprocessing = 0;
			shellPath = /bin/sh;
			shellScript = "diff \"${PODS_ROOT}/../Podfile.lock\" \"${PODS_ROOT}/Manifest.lock\" > /dev/null\nif [ $? != 0 ] ; then\n    # print error to STDERR\n    echo \"error: The sandbox is not in sync with the Podfile.lock. Run 'pod install' or update your CocoaPods installation.\" >&2\n    exit 1\nfi\n";
			showEnvVarsInLog = 0;
		};
		984F5F7E3C49C54E15A5FBD5 /* [CP] Copy Pods Resources */ = {
			isa = PBXShellScriptBuildPhase;
			buildActionMask = 2147483647;
			files = (
			);
			inputPaths = (
			);
			name = "[CP] Copy Pods Resources";
			outputPaths = (
			);
			runOnlyForDeploymentPostprocessing = 0;
			shellPath = /bin/sh;
			shellScript = "\"${SRCROOT}/Pods/Target Support Files/Pods-SwiftValidators/Pods-SwiftValidators-resources.sh\"\n";
			showEnvVarsInLog = 0;
		};
		E7209C4E5D1AD8318FCEA14E /* [CP] Check Pods Manifest.lock */ = {
			isa = PBXShellScriptBuildPhase;
			buildActionMask = 2147483647;
			files = (
			);
			inputPaths = (
			);
			name = "[CP] Check Pods Manifest.lock";
			outputPaths = (
			);
			runOnlyForDeploymentPostprocessing = 0;
			shellPath = /bin/sh;
			shellScript = "diff \"${PODS_ROOT}/../Podfile.lock\" \"${PODS_ROOT}/Manifest.lock\" > /dev/null\nif [ $? != 0 ] ; then\n    # print error to STDERR\n    echo \"error: The sandbox is not in sync with the Podfile.lock. Run 'pod install' or update your CocoaPods installation.\" >&2\n    exit 1\nfi\n";
			showEnvVarsInLog = 0;
		};
/* End PBXShellScriptBuildPhase section */

/* Begin PBXSourcesBuildPhase section */
		131584C01B5FFCB60077E959 /* Sources */ = {
			isa = PBXSourcesBuildPhase;
			buildActionMask = 2147483647;
			files = (
				134270A61D52422200F7DA76 /* Bool+StringConvertible.swift in Sources */,
				131584E21B5FFD7F0077E959 /* Validators.swift in Sources */,
				134270A21D523CFD00F7DA76 /* String+StringConvertible.swift in Sources */,
				134270AD1D527DA900F7DA76 /* Double+StringConvertible.swift in Sources */,
				134270B61D535F2A00F7DA76 /* Phone.swift in Sources */,
				134270B41D5355A600F7DA76 /* ISBN.swift in Sources */,
				134270AB1D527D7C00F7DA76 /* String.swift in Sources */,
				134270A41D523D2E00F7DA76 /* NSString+StringConvertible.swift in Sources */,
				13459D7E1D001A1A00CEEA12 /* ValueProvider.swift in Sources */,
				134270A81D5242AA00F7DA76 /* Float+StringConvertible.swift in Sources */,
				134270AF1D52831E00F7DA76 /* Int+StringConvertible.swift in Sources */,
				B166F1EC1D86B32D0015E611 /* PostalCode.swift in Sources */,
				134270A01D5239E000F7DA76 /* StringConvertible.swift in Sources */,
			);
			runOnlyForDeploymentPostprocessing = 0;
		};
		131584CC1B5FFCB60077E959 /* Sources */ = {
			isa = PBXSourcesBuildPhase;
			buildActionMask = 2147483647;
			files = (
				134270B11D53277F00F7DA76 /* ValidatorSpec.swift in Sources */,
			);
			runOnlyForDeploymentPostprocessing = 0;
		};
/* End PBXSourcesBuildPhase section */

/* Begin PBXTargetDependency section */
		13CAAF4C1D9163A8004D6AB5 /* PBXTargetDependency */ = {
			isa = PBXTargetDependency;
			target = 131584C41B5FFCB60077E959 /* SwiftValidators */;
			targetProxy = 13CAAF4B1D9163A8004D6AB5 /* PBXContainerItemProxy */;
		};
/* End PBXTargetDependency section */

/* Begin XCBuildConfiguration section */
		131584D91B5FFCB60077E959 /* Debug */ = {
			isa = XCBuildConfiguration;
			buildSettings = {
				ALWAYS_SEARCH_USER_PATHS = NO;
				CLANG_CXX_LANGUAGE_STANDARD = "gnu++0x";
				CLANG_CXX_LIBRARY = "libc++";
				CLANG_ENABLE_MODULES = YES;
				CLANG_ENABLE_OBJC_ARC = YES;
				CLANG_WARN_BOOL_CONVERSION = YES;
				CLANG_WARN_CONSTANT_CONVERSION = YES;
				CLANG_WARN_DIRECT_OBJC_ISA_USAGE = YES_ERROR;
				CLANG_WARN_EMPTY_BODY = YES;
				CLANG_WARN_ENUM_CONVERSION = YES;
				CLANG_WARN_INFINITE_RECURSION = YES;
				CLANG_WARN_INT_CONVERSION = YES;
				CLANG_WARN_OBJC_ROOT_CLASS = YES_ERROR;
				CLANG_WARN_SUSPICIOUS_MOVE = YES;
				CLANG_WARN_UNREACHABLE_CODE = YES;
				CLANG_WARN__DUPLICATE_METHOD_MATCH = YES;
				"CODE_SIGN_IDENTITY[sdk=iphoneos*]" = "iPhone Developer";
				COPY_PHASE_STRIP = NO;
				CURRENT_PROJECT_VERSION = 1;
				DEBUG_INFORMATION_FORMAT = "dwarf-with-dsym";
				ENABLE_BITCODE = NO;
				ENABLE_STRICT_OBJC_MSGSEND = YES;
				ENABLE_TESTABILITY = YES;
				GCC_C_LANGUAGE_STANDARD = gnu99;
				GCC_DYNAMIC_NO_PIC = NO;
				GCC_NO_COMMON_BLOCKS = YES;
				GCC_OPTIMIZATION_LEVEL = 0;
				GCC_PREPROCESSOR_DEFINITIONS = (
					"DEBUG=1",
					"$(inherited)",
				);
				GCC_SYMBOLS_PRIVATE_EXTERN = NO;
				GCC_WARN_64_TO_32_BIT_CONVERSION = YES;
				GCC_WARN_ABOUT_RETURN_TYPE = YES_ERROR;
				GCC_WARN_UNDECLARED_SELECTOR = YES;
				GCC_WARN_UNINITIALIZED_AUTOS = YES_AGGRESSIVE;
				GCC_WARN_UNUSED_FUNCTION = YES;
				GCC_WARN_UNUSED_VARIABLE = YES;
				IPHONEOS_DEPLOYMENT_TARGET = 9.0;
				MTL_ENABLE_DEBUG_INFO = YES;
				ONLY_ACTIVE_ARCH = YES;
				SDKROOT = iphoneos;
				SWIFT_OPTIMIZATION_LEVEL = "-Onone";
				TARGETED_DEVICE_FAMILY = "1,2";
				VERSIONING_SYSTEM = "apple-generic";
				VERSION_INFO_PREFIX = "";
			};
			name = Debug;
		};
		131584DA1B5FFCB60077E959 /* Release */ = {
			isa = XCBuildConfiguration;
			buildSettings = {
				ALWAYS_SEARCH_USER_PATHS = NO;
				CLANG_CXX_LANGUAGE_STANDARD = "gnu++0x";
				CLANG_CXX_LIBRARY = "libc++";
				CLANG_ENABLE_MODULES = YES;
				CLANG_ENABLE_OBJC_ARC = YES;
				CLANG_WARN_BOOL_CONVERSION = YES;
				CLANG_WARN_CONSTANT_CONVERSION = YES;
				CLANG_WARN_DIRECT_OBJC_ISA_USAGE = YES_ERROR;
				CLANG_WARN_EMPTY_BODY = YES;
				CLANG_WARN_ENUM_CONVERSION = YES;
				CLANG_WARN_INFINITE_RECURSION = YES;
				CLANG_WARN_INT_CONVERSION = YES;
				CLANG_WARN_OBJC_ROOT_CLASS = YES_ERROR;
				CLANG_WARN_SUSPICIOUS_MOVE = YES;
				CLANG_WARN_UNREACHABLE_CODE = YES;
				CLANG_WARN__DUPLICATE_METHOD_MATCH = YES;
				"CODE_SIGN_IDENTITY[sdk=iphoneos*]" = "iPhone Developer";
				COPY_PHASE_STRIP = NO;
				CURRENT_PROJECT_VERSION = 1;
				DEBUG_INFORMATION_FORMAT = "dwarf-with-dsym";
				ENABLE_BITCODE = NO;
				ENABLE_NS_ASSERTIONS = NO;
				ENABLE_STRICT_OBJC_MSGSEND = YES;
				GCC_C_LANGUAGE_STANDARD = gnu99;
				GCC_NO_COMMON_BLOCKS = YES;
				GCC_WARN_64_TO_32_BIT_CONVERSION = YES;
				GCC_WARN_ABOUT_RETURN_TYPE = YES_ERROR;
				GCC_WARN_UNDECLARED_SELECTOR = YES;
				GCC_WARN_UNINITIALIZED_AUTOS = YES_AGGRESSIVE;
				GCC_WARN_UNUSED_FUNCTION = YES;
				GCC_WARN_UNUSED_VARIABLE = YES;
				IPHONEOS_DEPLOYMENT_TARGET = 9.0;
				MTL_ENABLE_DEBUG_INFO = NO;
				SDKROOT = iphoneos;
				SWIFT_OPTIMIZATION_LEVEL = "-Owholemodule";
				TARGETED_DEVICE_FAMILY = "1,2";
				VALIDATE_PRODUCT = YES;
				VERSIONING_SYSTEM = "apple-generic";
				VERSION_INFO_PREFIX = "";
			};
			name = Release;
		};
		131584DC1B5FFCB60077E959 /* Debug */ = {
			isa = XCBuildConfiguration;
			baseConfigurationReference = 8A1DCAAFA5A9A242CEBE6E77 /* Pods-SwiftValidators.debug.xcconfig */;
			buildSettings = {
				CLANG_ENABLE_MODULES = YES;
				"CODE_SIGN_IDENTITY[sdk=iphoneos*]" = "iPhone Developer";
				DEFINES_MODULE = YES;
				DEVELOPMENT_TEAM = 96LJ93WQBU;
				DYLIB_COMPATIBILITY_VERSION = 1;
				DYLIB_CURRENT_VERSION = 1;
				DYLIB_INSTALL_NAME_BASE = "@rpath";
				ENABLE_BITCODE = NO;
				INFOPLIST_FILE = Sources/Info.plist;
				INSTALL_PATH = "$(LOCAL_LIBRARY_DIR)/Frameworks";
				IPHONEOS_DEPLOYMENT_TARGET = 9.0;
				LD_RUNPATH_SEARCH_PATHS = "$(inherited) @executable_path/Frameworks @loader_path/Frameworks";
				PRODUCT_BUNDLE_IDENTIFIER = "gr.gkaimakas.$(PRODUCT_NAME:rfc1034identifier)";
				PRODUCT_NAME = "$(TARGET_NAME)";
				SKIP_INSTALL = YES;
				SWIFT_OPTIMIZATION_LEVEL = "-Onone";
				SWIFT_VERSION = 3.0;
			};
			name = Debug;
		};
		131584DD1B5FFCB60077E959 /* Release */ = {
			isa = XCBuildConfiguration;
			baseConfigurationReference = 32F9F3E440D584332B673B49 /* Pods-SwiftValidators.release.xcconfig */;
			buildSettings = {
				CLANG_ENABLE_MODULES = YES;
				"CODE_SIGN_IDENTITY[sdk=iphoneos*]" = "iPhone Developer";
				DEFINES_MODULE = YES;
				DEVELOPMENT_TEAM = 96LJ93WQBU;
				DYLIB_COMPATIBILITY_VERSION = 1;
				DYLIB_CURRENT_VERSION = 1;
				DYLIB_INSTALL_NAME_BASE = "@rpath";
				ENABLE_BITCODE = NO;
				INFOPLIST_FILE = Sources/Info.plist;
				INSTALL_PATH = "$(LOCAL_LIBRARY_DIR)/Frameworks";
				IPHONEOS_DEPLOYMENT_TARGET = 9.0;
				LD_RUNPATH_SEARCH_PATHS = "$(inherited) @executable_path/Frameworks @loader_path/Frameworks";
				PRODUCT_BUNDLE_IDENTIFIER = "gr.gkaimakas.$(PRODUCT_NAME:rfc1034identifier)";
				PRODUCT_NAME = "$(TARGET_NAME)";
				SKIP_INSTALL = YES;
				SWIFT_VERSION = 3.0;
			};
			name = Release;
		};
		131584DF1B5FFCB60077E959 /* Debug */ = {
			isa = XCBuildConfiguration;
			baseConfigurationReference = 0BFE7D2607D4A55DC302BE68 /* Pods-SwiftValidatorsTests.debug.xcconfig */;
			buildSettings = {
				ALWAYS_EMBED_SWIFT_STANDARD_LIBRARIES = YES;
				DEVELOPMENT_TEAM = 96LJ93WQBU;
				GCC_PREPROCESSOR_DEFINITIONS = (
					"DEBUG=1",
					"$(inherited)",
				);
				INFOPLIST_FILE = SwiftValidatorsTests/Info.plist;
				LD_RUNPATH_SEARCH_PATHS = "$(inherited) @executable_path/Frameworks @loader_path/Frameworks";
				PRODUCT_BUNDLE_IDENTIFIER = "gr.gkaimakas.$(PRODUCT_NAME:rfc1034identifier)";
				PRODUCT_NAME = "$(TARGET_NAME)";
				SWIFT_VERSION = 3.0;
			};
			name = Debug;
		};
		131584E01B5FFCB60077E959 /* Release */ = {
			isa = XCBuildConfiguration;
			baseConfigurationReference = 5F12C8F44A0B081C221B029B /* Pods-SwiftValidatorsTests.release.xcconfig */;
			buildSettings = {
				ALWAYS_EMBED_SWIFT_STANDARD_LIBRARIES = YES;
				DEVELOPMENT_TEAM = 96LJ93WQBU;
				INFOPLIST_FILE = SwiftValidatorsTests/Info.plist;
				LD_RUNPATH_SEARCH_PATHS = "$(inherited) @executable_path/Frameworks @loader_path/Frameworks";
				PRODUCT_BUNDLE_IDENTIFIER = "gr.gkaimakas.$(PRODUCT_NAME:rfc1034identifier)";
				PRODUCT_NAME = "$(TARGET_NAME)";
				SWIFT_VERSION = 3.0;
			};
			name = Release;
		};
/* End XCBuildConfiguration section */

/* Begin XCConfigurationList section */
		131584BF1B5FFCB60077E959 /* Build configuration list for PBXProject "SwiftValidators" */ = {
			isa = XCConfigurationList;
			buildConfigurations = (
				131584D91B5FFCB60077E959 /* Debug */,
				131584DA1B5FFCB60077E959 /* Release */,
			);
			defaultConfigurationIsVisible = 0;
			defaultConfigurationName = Release;
		};
		131584DB1B5FFCB60077E959 /* Build configuration list for PBXNativeTarget "SwiftValidators" */ = {
			isa = XCConfigurationList;
			buildConfigurations = (
				131584DC1B5FFCB60077E959 /* Debug */,
				131584DD1B5FFCB60077E959 /* Release */,
			);
			defaultConfigurationIsVisible = 0;
			defaultConfigurationName = Release;
		};
		131584DE1B5FFCB60077E959 /* Build configuration list for PBXNativeTarget "SwiftValidatorsTests" */ = {
			isa = XCConfigurationList;
			buildConfigurations = (
				131584DF1B5FFCB60077E959 /* Debug */,
				131584E01B5FFCB60077E959 /* Release */,
			);
			defaultConfigurationIsVisible = 0;
			defaultConfigurationName = Release;
		};
/* End XCConfigurationList section */
	};
	rootObject = 131584BC1B5FFCB60077E959 /* Project object */;
}
